// !$*UTF8*$!
{
	archiveVersion = 1;
	classes = {
	};
	objectVersion = 56;
	objects = {

/* Begin PBXBuildFile section */
		341B63D82AF43F7C00AFE0EB /* s3archApp.swift in Sources */ = {isa = PBXBuildFile; fileRef = 341B63D72AF43F7C00AFE0EB /* s3archApp.swift */; };
		341B63DC2AF43F7D00AFE0EB /* Assets.xcassets in Resources */ = {isa = PBXBuildFile; fileRef = 341B63DB2AF43F7D00AFE0EB /* Assets.xcassets */; };
		341B63E02AF43F7D00AFE0EB /* Preview Assets.xcassets in Resources */ = {isa = PBXBuildFile; fileRef = 341B63DF2AF43F7D00AFE0EB /* Preview Assets.xcassets */; };
		342C6A902B0299C6004A8A8E /* SotoS3 in Frameworks */ = {isa = PBXBuildFile; productRef = 342C6A8F2B0299C6004A8A8E /* SotoS3 */; };
		3441BC1C2B0590710021F7A5 /* AddNewProfileSheetView.swift in Sources */ = {isa = PBXBuildFile; fileRef = 3441BC1B2B0590710021F7A5 /* AddNewProfileSheetView.swift */; };
		3466A7AA2B056D6400C9EC99 /* ProfilesView.swift in Sources */ = {isa = PBXBuildFile; fileRef = 3466A7A92B056D6400C9EC99 /* ProfilesView.swift */; };
		347DBA482B054F3000CE0276 /* Client.swift in Sources */ = {isa = PBXBuildFile; fileRef = 347DBA472B054F3000CE0276 /* Client.swift */; };
		34875B712AF9B51500DC1626 /* BucketsView.swift in Sources */ = {isa = PBXBuildFile; fileRef = 34875B702AF9B51500DC1626 /* BucketsView.swift */; };
		349784B72B1A8D0900C52141 /* FileInfoView.swift in Sources */ = {isa = PBXBuildFile; fileRef = 349784B62B1A8D0900C52141 /* FileInfoView.swift */; };
		349BFAF72B0EB2DC009209AB /* BucketView.swift in Sources */ = {isa = PBXBuildFile; fileRef = 349BFAF62B0EB2DC009209AB /* BucketView.swift */; };
		34C2C7702B1AE58C0028B5DE /* FolderView.swift in Sources */ = {isa = PBXBuildFile; fileRef = 34C2C76F2B1AE58C0028B5DE /* FolderView.swift */; };
		34C2C7722B1AE84F0028B5DE /* SettingsSheetView.swift in Sources */ = {isa = PBXBuildFile; fileRef = 34C2C7712B1AE84F0028B5DE /* SettingsSheetView.swift */; };
		34DD99DB2B06B975009E63E9 /* SimpleKeychain in Frameworks */ = {isa = PBXBuildFile; productRef = 34DD99DA2B06B975009E63E9 /* SimpleKeychain */; };
		34DD99DE2B06C5DF009E63E9 /* KeychainService.swift in Sources */ = {isa = PBXBuildFile; fileRef = 34DD99DD2B06C5DF009E63E9 /* KeychainService.swift */; };
/* End PBXBuildFile section */

/* Begin PBXFileReference section */
		341B63D42AF43F7C00AFE0EB /* s3arch.app */ = {isa = PBXFileReference; explicitFileType = wrapper.application; includeInIndex = 0; path = s3arch.app; sourceTree = BUILT_PRODUCTS_DIR; };
		341B63D72AF43F7C00AFE0EB /* s3archApp.swift */ = {isa = PBXFileReference; lastKnownFileType = sourcecode.swift; path = s3archApp.swift; sourceTree = "<group>"; };
		341B63DB2AF43F7D00AFE0EB /* Assets.xcassets */ = {isa = PBXFileReference; lastKnownFileType = folder.assetcatalog; path = Assets.xcassets; sourceTree = "<group>"; };
		341B63DD2AF43F7D00AFE0EB /* s3arch.entitlements */ = {isa = PBXFileReference; lastKnownFileType = text.plist.entitlements; path = s3arch.entitlements; sourceTree = "<group>"; };
		341B63DF2AF43F7D00AFE0EB /* Preview Assets.xcassets */ = {isa = PBXFileReference; lastKnownFileType = folder.assetcatalog; path = "Preview Assets.xcassets"; sourceTree = "<group>"; };
		3441BC1B2B0590710021F7A5 /* AddNewProfileSheetView.swift */ = {isa = PBXFileReference; lastKnownFileType = sourcecode.swift; path = AddNewProfileSheetView.swift; sourceTree = "<group>"; };
		3466A7A92B056D6400C9EC99 /* ProfilesView.swift */ = {isa = PBXFileReference; lastKnownFileType = sourcecode.swift; path = ProfilesView.swift; sourceTree = "<group>"; };
		347DBA472B054F3000CE0276 /* Client.swift */ = {isa = PBXFileReference; lastKnownFileType = sourcecode.swift; path = Client.swift; sourceTree = "<group>"; };
		34875B702AF9B51500DC1626 /* BucketsView.swift */ = {isa = PBXFileReference; lastKnownFileType = sourcecode.swift; path = BucketsView.swift; sourceTree = "<group>"; };
		349784B62B1A8D0900C52141 /* FileInfoView.swift */ = {isa = PBXFileReference; lastKnownFileType = sourcecode.swift; path = FileInfoView.swift; sourceTree = "<group>"; };
		349BFAF62B0EB2DC009209AB /* BucketView.swift */ = {isa = PBXFileReference; lastKnownFileType = sourcecode.swift; path = BucketView.swift; sourceTree = "<group>"; };
		34C2C76F2B1AE58C0028B5DE /* FolderView.swift */ = {isa = PBXFileReference; lastKnownFileType = sourcecode.swift; path = FolderView.swift; sourceTree = "<group>"; };
		34C2C7712B1AE84F0028B5DE /* SettingsSheetView.swift */ = {isa = PBXFileReference; lastKnownFileType = sourcecode.swift; path = SettingsSheetView.swift; sourceTree = "<group>"; };
		34DD99DD2B06C5DF009E63E9 /* KeychainService.swift */ = {isa = PBXFileReference; lastKnownFileType = sourcecode.swift; path = KeychainService.swift; sourceTree = "<group>"; };
/* End PBXFileReference section */

/* Begin PBXFrameworksBuildPhase section */
		341B63D12AF43F7C00AFE0EB /* Frameworks */ = {
			isa = PBXFrameworksBuildPhase;
			buildActionMask = 2147483647;
			files = (
				34DD99DB2B06B975009E63E9 /* SimpleKeychain in Frameworks */,
				342C6A902B0299C6004A8A8E /* SotoS3 in Frameworks */,
			);
			runOnlyForDeploymentPostprocessing = 0;
		};
/* End PBXFrameworksBuildPhase section */

/* Begin PBXGroup section */
		341B63CB2AF43F7C00AFE0EB = {
			isa = PBXGroup;
			children = (
				341B63D62AF43F7C00AFE0EB /* s3arch */,
				341B63D52AF43F7C00AFE0EB /* Products */,
				34CC46622AFC5E1200405688 /* Frameworks */,
			);
			sourceTree = "<group>";
		};
		341B63D52AF43F7C00AFE0EB /* Products */ = {
			isa = PBXGroup;
			children = (
				341B63D42AF43F7C00AFE0EB /* s3arch.app */,
			);
			name = Products;
			sourceTree = "<group>";
		};
		341B63D62AF43F7C00AFE0EB /* s3arch */ = {
			isa = PBXGroup;
			children = (
				34DD99DC2B06C5C3009E63E9 /* Keychain */,
				3441BC1E2B0590950021F7A5 /* Views */,
				349444702AFC6D590004BBF6 /* S3 */,
				341B63D72AF43F7C00AFE0EB /* s3archApp.swift */,
				341B63DB2AF43F7D00AFE0EB /* Assets.xcassets */,
				341B63DD2AF43F7D00AFE0EB /* s3arch.entitlements */,
				341B63DE2AF43F7D00AFE0EB /* Preview Content */,
				34C2C76F2B1AE58C0028B5DE /* FolderView.swift */,
				34C2C7712B1AE84F0028B5DE /* SettingsSheetView.swift */,
			);
			path = s3arch;
			sourceTree = "<group>";
		};
		341B63DE2AF43F7D00AFE0EB /* Preview Content */ = {
			isa = PBXGroup;
			children = (
				341B63DF2AF43F7D00AFE0EB /* Preview Assets.xcassets */,
			);
			path = "Preview Content";
			sourceTree = "<group>";
		};
		3441BC1E2B0590950021F7A5 /* Views */ = {
			isa = PBXGroup;
			children = (
				349BFAF52B0EB2C5009209AB /* Buckets */,
				3441BC1F2B0590AC0021F7A5 /* Profiles */,
				349784B62B1A8D0900C52141 /* FileInfoView.swift */,
			);
			path = Views;
			sourceTree = "<group>";
		};
		3441BC1F2B0590AC0021F7A5 /* Profiles */ = {
			isa = PBXGroup;
			children = (
				3441BC1B2B0590710021F7A5 /* AddNewProfileSheetView.swift */,
				3466A7A92B056D6400C9EC99 /* ProfilesView.swift */,
			);
			path = Profiles;
			sourceTree = "<group>";
		};
		349444702AFC6D590004BBF6 /* S3 */ = {
			isa = PBXGroup;
			children = (
				347DBA472B054F3000CE0276 /* Client.swift */,
			);
			path = S3;
			sourceTree = "<group>";
		};
		349BFAF52B0EB2C5009209AB /* Buckets */ = {
			isa = PBXGroup;
			children = (
				34875B702AF9B51500DC1626 /* BucketsView.swift */,
				349BFAF62B0EB2DC009209AB /* BucketView.swift */,
			);
			path = Buckets;
			sourceTree = "<group>";
		};
		34CC46622AFC5E1200405688 /* Frameworks */ = {
			isa = PBXGroup;
			children = (
			);
			name = Frameworks;
			sourceTree = "<group>";
		};
		34DD99DC2B06C5C3009E63E9 /* Keychain */ = {
			isa = PBXGroup;
			children = (
				34DD99DD2B06C5DF009E63E9 /* KeychainService.swift */,
			);
			path = Keychain;
			sourceTree = "<group>";
		};
/* End PBXGroup section */

/* Begin PBXNativeTarget section */
		341B63D32AF43F7C00AFE0EB /* s3arch */ = {
			isa = PBXNativeTarget;
			buildConfigurationList = 341B63E32AF43F7D00AFE0EB /* Build configuration list for PBXNativeTarget "s3arch" */;
			buildPhases = (
				341B63D02AF43F7C00AFE0EB /* Sources */,
				341B63D12AF43F7C00AFE0EB /* Frameworks */,
				341B63D22AF43F7C00AFE0EB /* Resources */,
			);
			buildRules = (
			);
			dependencies = (
			);
			name = s3arch;
			packageProductDependencies = (
				342C6A8F2B0299C6004A8A8E /* SotoS3 */,
				34DD99DA2B06B975009E63E9 /* SimpleKeychain */,
			);
			productName = s3arch;
			productReference = 341B63D42AF43F7C00AFE0EB /* s3arch.app */;
			productType = "com.apple.product-type.application";
		};
/* End PBXNativeTarget section */

/* Begin PBXProject section */
		341B63CC2AF43F7C00AFE0EB /* Project object */ = {
			isa = PBXProject;
			attributes = {
				BuildIndependentTargetsInParallel = 1;
				LastSwiftUpdateCheck = 1500;
				LastUpgradeCheck = 1500;
				TargetAttributes = {
					341B63D32AF43F7C00AFE0EB = {
						CreatedOnToolsVersion = 15.0.1;
					};
				};
			};
			buildConfigurationList = 341B63CF2AF43F7C00AFE0EB /* Build configuration list for PBXProject "s3arch" */;
			compatibilityVersion = "Xcode 14.0";
			developmentRegion = en;
			hasScannedForEncodings = 0;
			knownRegions = (
				en,
				Base,
			);
			mainGroup = 341B63CB2AF43F7C00AFE0EB;
			packageReferences = (
				342C687A2B0299BA004A8A8E /* XCRemoteSwiftPackageReference "soto" */,
				34DD99D92B06B975009E63E9 /* XCRemoteSwiftPackageReference "SimpleKeychain" */,
			);
			productRefGroup = 341B63D52AF43F7C00AFE0EB /* Products */;
			projectDirPath = "";
			projectRoot = "";
			targets = (
				341B63D32AF43F7C00AFE0EB /* s3arch */,
			);
		};
/* End PBXProject section */

/* Begin PBXResourcesBuildPhase section */
		341B63D22AF43F7C00AFE0EB /* Resources */ = {
			isa = PBXResourcesBuildPhase;
			buildActionMask = 2147483647;
			files = (
				341B63E02AF43F7D00AFE0EB /* Preview Assets.xcassets in Resources */,
				341B63DC2AF43F7D00AFE0EB /* Assets.xcassets in Resources */,
			);
			runOnlyForDeploymentPostprocessing = 0;
		};
/* End PBXResourcesBuildPhase section */

/* Begin PBXSourcesBuildPhase section */
		341B63D02AF43F7C00AFE0EB /* Sources */ = {
			isa = PBXSourcesBuildPhase;
			buildActionMask = 2147483647;
			files = (
				349BFAF72B0EB2DC009209AB /* BucketView.swift in Sources */,
				3466A7AA2B056D6400C9EC99 /* ProfilesView.swift in Sources */,
				3441BC1C2B0590710021F7A5 /* AddNewProfileSheetView.swift in Sources */,
				34C2C7722B1AE84F0028B5DE /* SettingsSheetView.swift in Sources */,
				34875B712AF9B51500DC1626 /* BucketsView.swift in Sources */,
				349784B72B1A8D0900C52141 /* FileInfoView.swift in Sources */,
				34DD99DE2B06C5DF009E63E9 /* KeychainService.swift in Sources */,
				347DBA482B054F3000CE0276 /* Client.swift in Sources */,
				341B63D82AF43F7C00AFE0EB /* s3archApp.swift in Sources */,
				34C2C7702B1AE58C0028B5DE /* FolderView.swift in Sources */,
			);
			runOnlyForDeploymentPostprocessing = 0;
		};
/* End PBXSourcesBuildPhase section */

/* Begin XCBuildConfiguration section */
		341B63E12AF43F7D00AFE0EB /* Debug */ = {
			isa = XCBuildConfiguration;
			buildSettings = {
				ALWAYS_SEARCH_USER_PATHS = NO;
				ASSETCATALOG_COMPILER_GENERATE_SWIFT_ASSET_SYMBOL_EXTENSIONS = YES;
				CLANG_ANALYZER_NONNULL = YES;
				CLANG_ANALYZER_NUMBER_OBJECT_CONVERSION = YES_AGGRESSIVE;
				CLANG_CXX_LANGUAGE_STANDARD = "gnu++20";
				CLANG_ENABLE_MODULES = YES;
				CLANG_ENABLE_OBJC_ARC = YES;
				CLANG_ENABLE_OBJC_WEAK = YES;
				CLANG_WARN_BLOCK_CAPTURE_AUTORELEASING = YES;
				CLANG_WARN_BOOL_CONVERSION = YES;
				CLANG_WARN_COMMA = YES;
				CLANG_WARN_CONSTANT_CONVERSION = YES;
				CLANG_WARN_DEPRECATED_OBJC_IMPLEMENTATIONS = YES;
				CLANG_WARN_DIRECT_OBJC_ISA_USAGE = YES_ERROR;
				CLANG_WARN_DOCUMENTATION_COMMENTS = YES;
				CLANG_WARN_EMPTY_BODY = YES;
				CLANG_WARN_ENUM_CONVERSION = YES;
				CLANG_WARN_INFINITE_RECURSION = YES;
				CLANG_WARN_INT_CONVERSION = YES;
				CLANG_WARN_NON_LITERAL_NULL_CONVERSION = YES;
				CLANG_WARN_OBJC_IMPLICIT_RETAIN_SELF = YES;
				CLANG_WARN_OBJC_LITERAL_CONVERSION = YES;
				CLANG_WARN_OBJC_ROOT_CLASS = YES_ERROR;
				CLANG_WARN_QUOTED_INCLUDE_IN_FRAMEWORK_HEADER = YES;
				CLANG_WARN_RANGE_LOOP_ANALYSIS = YES;
				CLANG_WARN_STRICT_PROTOTYPES = YES;
				CLANG_WARN_SUSPICIOUS_MOVE = YES;
				CLANG_WARN_UNGUARDED_AVAILABILITY = YES_AGGRESSIVE;
				CLANG_WARN_UNREACHABLE_CODE = YES;
				CLANG_WARN__DUPLICATE_METHOD_MATCH = YES;
				COPY_PHASE_STRIP = NO;
				DEBUG_INFORMATION_FORMAT = dwarf;
				ENABLE_STRICT_OBJC_MSGSEND = YES;
				ENABLE_TESTABILITY = YES;
				ENABLE_USER_SCRIPT_SANDBOXING = YES;
				GCC_C_LANGUAGE_STANDARD = gnu17;
				GCC_DYNAMIC_NO_PIC = NO;
				GCC_NO_COMMON_BLOCKS = YES;
				GCC_OPTIMIZATION_LEVEL = 0;
				GCC_PREPROCESSOR_DEFINITIONS = (
					"DEBUG=1",
					"$(inherited)",
				);
				GCC_WARN_64_TO_32_BIT_CONVERSION = YES;
				GCC_WARN_ABOUT_RETURN_TYPE = YES_ERROR;
				GCC_WARN_UNDECLARED_SELECTOR = YES;
				GCC_WARN_UNINITIALIZED_AUTOS = YES_AGGRESSIVE;
				GCC_WARN_UNUSED_FUNCTION = YES;
				GCC_WARN_UNUSED_VARIABLE = YES;
				LOCALIZATION_PREFERS_STRING_CATALOGS = YES;
				MTL_ENABLE_DEBUG_INFO = INCLUDE_SOURCE;
				MTL_FAST_MATH = YES;
				ONLY_ACTIVE_ARCH = YES;
				SWIFT_ACTIVE_COMPILATION_CONDITIONS = "DEBUG $(inherited)";
				SWIFT_OPTIMIZATION_LEVEL = "-Onone";
			};
			name = Debug;
		};
		341B63E22AF43F7D00AFE0EB /* Release */ = {
			isa = XCBuildConfiguration;
			buildSettings = {
				ALWAYS_SEARCH_USER_PATHS = NO;
				ASSETCATALOG_COMPILER_GENERATE_SWIFT_ASSET_SYMBOL_EXTENSIONS = YES;
				CLANG_ANALYZER_NONNULL = YES;
				CLANG_ANALYZER_NUMBER_OBJECT_CONVERSION = YES_AGGRESSIVE;
				CLANG_CXX_LANGUAGE_STANDARD = "gnu++20";
				CLANG_ENABLE_MODULES = YES;
				CLANG_ENABLE_OBJC_ARC = YES;
				CLANG_ENABLE_OBJC_WEAK = YES;
				CLANG_WARN_BLOCK_CAPTURE_AUTORELEASING = YES;
				CLANG_WARN_BOOL_CONVERSION = YES;
				CLANG_WARN_COMMA = YES;
				CLANG_WARN_CONSTANT_CONVERSION = YES;
				CLANG_WARN_DEPRECATED_OBJC_IMPLEMENTATIONS = YES;
				CLANG_WARN_DIRECT_OBJC_ISA_USAGE = YES_ERROR;
				CLANG_WARN_DOCUMENTATION_COMMENTS = YES;
				CLANG_WARN_EMPTY_BODY = YES;
				CLANG_WARN_ENUM_CONVERSION = YES;
				CLANG_WARN_INFINITE_RECURSION = YES;
				CLANG_WARN_INT_CONVERSION = YES;
				CLANG_WARN_NON_LITERAL_NULL_CONVERSION = YES;
				CLANG_WARN_OBJC_IMPLICIT_RETAIN_SELF = YES;
				CLANG_WARN_OBJC_LITERAL_CONVERSION = YES;
				CLANG_WARN_OBJC_ROOT_CLASS = YES_ERROR;
				CLANG_WARN_QUOTED_INCLUDE_IN_FRAMEWORK_HEADER = YES;
				CLANG_WARN_RANGE_LOOP_ANALYSIS = YES;
				CLANG_WARN_STRICT_PROTOTYPES = YES;
				CLANG_WARN_SUSPICIOUS_MOVE = YES;
				CLANG_WARN_UNGUARDED_AVAILABILITY = YES_AGGRESSIVE;
				CLANG_WARN_UNREACHABLE_CODE = YES;
				CLANG_WARN__DUPLICATE_METHOD_MATCH = YES;
				COPY_PHASE_STRIP = NO;
				DEBUG_INFORMATION_FORMAT = "dwarf-with-dsym";
				ENABLE_NS_ASSERTIONS = NO;
				ENABLE_STRICT_OBJC_MSGSEND = YES;
				ENABLE_USER_SCRIPT_SANDBOXING = YES;
				GCC_C_LANGUAGE_STANDARD = gnu17;
				GCC_NO_COMMON_BLOCKS = YES;
				GCC_WARN_64_TO_32_BIT_CONVERSION = YES;
				GCC_WARN_ABOUT_RETURN_TYPE = YES_ERROR;
				GCC_WARN_UNDECLARED_SELECTOR = YES;
				GCC_WARN_UNINITIALIZED_AUTOS = YES_AGGRESSIVE;
				GCC_WARN_UNUSED_FUNCTION = YES;
				GCC_WARN_UNUSED_VARIABLE = YES;
				LOCALIZATION_PREFERS_STRING_CATALOGS = YES;
				MTL_ENABLE_DEBUG_INFO = NO;
				MTL_FAST_MATH = YES;
				SWIFT_COMPILATION_MODE = wholemodule;
			};
			name = Release;
		};
		341B63E42AF43F7D00AFE0EB /* Debug */ = {
			isa = XCBuildConfiguration;
			buildSettings = {
				ASSETCATALOG_COMPILER_APPICON_NAME = AppIcon;
				ASSETCATALOG_COMPILER_GLOBAL_ACCENT_COLOR_NAME = AccentColor;
				CODE_SIGN_ENTITLEMENTS = s3arch/s3arch.entitlements;
				"CODE_SIGN_IDENTITY[sdk=macosx*]" = "-";
				CODE_SIGN_STYLE = Automatic;
				CURRENT_PROJECT_VERSION = 1;
				DEVELOPMENT_ASSET_PATHS = "\"s3arch/Preview Content\"";
				DEVELOPMENT_TEAM = "";
				ENABLE_PREVIEWS = YES;
				GENERATE_INFOPLIST_FILE = YES;
				INFOPLIST_KEY_CFBundleDisplayName = s3arch;
				INFOPLIST_KEY_LSApplicationCategoryType = "public.app-category.developer-tools";
				"INFOPLIST_KEY_UIApplicationSceneManifest_Generation[sdk=iphoneos*]" = YES;
				"INFOPLIST_KEY_UIApplicationSceneManifest_Generation[sdk=iphonesimulator*]" = YES;
				"INFOPLIST_KEY_UIApplicationSupportsIndirectInputEvents[sdk=iphoneos*]" = YES;
				"INFOPLIST_KEY_UIApplicationSupportsIndirectInputEvents[sdk=iphonesimulator*]" = YES;
				"INFOPLIST_KEY_UILaunchScreen_Generation[sdk=iphoneos*]" = YES;
				"INFOPLIST_KEY_UILaunchScreen_Generation[sdk=iphonesimulator*]" = YES;
				"INFOPLIST_KEY_UIStatusBarStyle[sdk=iphoneos*]" = UIStatusBarStyleDefault;
				"INFOPLIST_KEY_UIStatusBarStyle[sdk=iphonesimulator*]" = UIStatusBarStyleDefault;
				INFOPLIST_KEY_UISupportedInterfaceOrientations_iPad = "UIInterfaceOrientationPortrait UIInterfaceOrientationPortraitUpsideDown UIInterfaceOrientationLandscapeLeft UIInterfaceOrientationLandscapeRight";
				INFOPLIST_KEY_UISupportedInterfaceOrientations_iPhone = "UIInterfaceOrientationPortrait UIInterfaceOrientationLandscapeLeft UIInterfaceOrientationLandscapeRight";
				IPHONEOS_DEPLOYMENT_TARGET = 17.0;
				LD_RUNPATH_SEARCH_PATHS = "@executable_path/Frameworks";
				"LD_RUNPATH_SEARCH_PATHS[sdk=macosx*]" = "@executable_path/../Frameworks";
				MACOSX_DEPLOYMENT_TARGET = 14.0;
				MARKETING_VERSION = 1.0;
				PRODUCT_BUNDLE_IDENTIFIER = com.kyter.s3arch;
				PRODUCT_NAME = "$(TARGET_NAME)";
				SDKROOT = auto;
				SUPPORTED_PLATFORMS = "iphoneos iphonesimulator macosx";
				SWIFT_EMIT_LOC_STRINGS = YES;
				SWIFT_VERSION = 5.0;
				TARGETED_DEVICE_FAMILY = "1,2";
			};
			name = Debug;
		};
		341B63E52AF43F7D00AFE0EB /* Release */ = {
			isa = XCBuildConfiguration;
			buildSettings = {
				ASSETCATALOG_COMPILER_APPICON_NAME = AppIcon;
				ASSETCATALOG_COMPILER_GLOBAL_ACCENT_COLOR_NAME = AccentColor;
				CODE_SIGN_ENTITLEMENTS = s3arch/s3arch.entitlements;
				"CODE_SIGN_IDENTITY[sdk=macosx*]" = "-";
				CODE_SIGN_STYLE = Automatic;
				CURRENT_PROJECT_VERSION = 1;
				DEVELOPMENT_ASSET_PATHS = "\"s3arch/Preview Content\"";
				DEVELOPMENT_TEAM = "";
				ENABLE_PREVIEWS = YES;
				GENERATE_INFOPLIST_FILE = YES;
				INFOPLIST_KEY_CFBundleDisplayName = s3arch;
				INFOPLIST_KEY_LSApplicationCategoryType = "public.app-category.developer-tools";
				"INFOPLIST_KEY_UIApplicationSceneManifest_Generation[sdk=iphoneos*]" = YES;
				"INFOPLIST_KEY_UIApplicationSceneManifest_Generation[sdk=iphonesimulator*]" = YES;
				"INFOPLIST_KEY_UIApplicationSupportsIndirectInputEvents[sdk=iphoneos*]" = YES;
				"INFOPLIST_KEY_UIApplicationSupportsIndirectInputEvents[sdk=iphonesimulator*]" = YES;
				"INFOPLIST_KEY_UILaunchScreen_Generation[sdk=iphoneos*]" = YES;
				"INFOPLIST_KEY_UILaunchScreen_Generation[sdk=iphonesimulator*]" = YES;
				"INFOPLIST_KEY_UIStatusBarStyle[sdk=iphoneos*]" = UIStatusBarStyleDefault;
				"INFOPLIST_KEY_UIStatusBarStyle[sdk=iphonesimulator*]" = UIStatusBarStyleDefault;
				INFOPLIST_KEY_UISupportedInterfaceOrientations_iPad = "UIInterfaceOrientationPortrait UIInterfaceOrientationPortraitUpsideDown UIInterfaceOrientationLandscapeLeft UIInterfaceOrientationLandscapeRight";
				INFOPLIST_KEY_UISupportedInterfaceOrientations_iPhone = "UIInterfaceOrientationPortrait UIInterfaceOrientationLandscapeLeft UIInterfaceOrientationLandscapeRight";
				IPHONEOS_DEPLOYMENT_TARGET = 17.0;
				LD_RUNPATH_SEARCH_PATHS = "@executable_path/Frameworks";
				"LD_RUNPATH_SEARCH_PATHS[sdk=macosx*]" = "@executable_path/../Frameworks";
				MACOSX_DEPLOYMENT_TARGET = 14.0;
				MARKETING_VERSION = 1.0;
				PRODUCT_BUNDLE_IDENTIFIER = com.kyter.s3arch;
				PRODUCT_NAME = "$(TARGET_NAME)";
				SDKROOT = auto;
				SUPPORTED_PLATFORMS = "iphoneos iphonesimulator macosx";
				SWIFT_EMIT_LOC_STRINGS = YES;
				SWIFT_VERSION = 5.0;
				TARGETED_DEVICE_FAMILY = "1,2";
			};
			name = Release;
		};
/* End XCBuildConfiguration section */

/* Begin XCConfigurationList section */
		341B63CF2AF43F7C00AFE0EB /* Build configuration list for PBXProject "s3arch" */ = {
			isa = XCConfigurationList;
			buildConfigurations = (
				341B63E12AF43F7D00AFE0EB /* Debug */,
				341B63E22AF43F7D00AFE0EB /* Release */,
			);
			defaultConfigurationIsVisible = 0;
			defaultConfigurationName = Release;
		};
		341B63E32AF43F7D00AFE0EB /* Build configuration list for PBXNativeTarget "s3arch" */ = {
			isa = XCConfigurationList;
			buildConfigurations = (
				341B63E42AF43F7D00AFE0EB /* Debug */,
				341B63E52AF43F7D00AFE0EB /* Release */,
			);
			defaultConfigurationIsVisible = 0;
			defaultConfigurationName = Release;
		};
/* End XCConfigurationList section */

/* Begin XCRemoteSwiftPackageReference section */
		342C687A2B0299BA004A8A8E /* XCRemoteSwiftPackageReference "soto" */ = {
			isa = XCRemoteSwiftPackageReference;
			repositoryURL = "https://github.com/soto-project/soto.git";
			requirement = {
				kind = upToNextMajorVersion;
				minimumVersion = 6.8.0;
			};
		};
		34DD99D92B06B975009E63E9 /* XCRemoteSwiftPackageReference "SimpleKeychain" */ = {
			isa = XCRemoteSwiftPackageReference;
			repositoryURL = "https://github.com/auth0/SimpleKeychain";
			requirement = {
				kind = upToNextMajorVersion;
				minimumVersion = 1.1.0;
			};
		};
/* End XCRemoteSwiftPackageReference section */

/* Begin XCSwiftPackageProductDependency section */
		342C6A8F2B0299C6004A8A8E /* SotoS3 */ = {
			isa = XCSwiftPackageProductDependency;
			package = 342C687A2B0299BA004A8A8E /* XCRemoteSwiftPackageReference "soto" */;
			productName = SotoS3;
		};
		34DD99DA2B06B975009E63E9 /* SimpleKeychain */ = {
			isa = XCSwiftPackageProductDependency;
			package = 34DD99D92B06B975009E63E9 /* XCRemoteSwiftPackageReference "SimpleKeychain" */;
			productName = SimpleKeychain;
		};
/* End XCSwiftPackageProductDependency section */
	};
	rootObject = 341B63CC2AF43F7C00AFE0EB /* Project object */;
}
